
Microsoft Visual Studio Solution File, Format Version 12.00
# Visual Studio Version 17
VisualStudioVersion = 17.9.34607.119
MinimumVisualStudioVersion = 10.0.40219.1
Project("{FAE04EC0-301F-11D3-BF4B-00C04F79EFBC}") = "FluentFTPExample", "FluentFTPExample.csproj", "{C8D1CAA8-4549-42EB-B8A4-4E249BECB806}"
EndProject
Global
	GlobalSection(SolutionConfigurationPlatforms) = preSolution
		Debug|Any CPU = Debug|Any CPU
		Release|Any CPU = Release|Any CPU
	EndGlobalSection
	GlobalSection(ProjectConfigurationPlatforms) = postSolution
		{C8D1CAA8-4549-42EB-B8A4-4E249BECB806}.Debug|Any CPU.ActiveCfg = Debug|Any CPU
		{C8D1CAA8-4549-42EB-B8A4-4E249BECB806}.Debug|Any CPU.Build.0 = Debug|Any CPU
		{C8D1CAA8-4549-42EB-B8A4-4E249BECB806}.Release|Any CPU.ActiveCfg = Release|Any CPU
		{C8D1CAA8-4549-42EB-B8A4-4E249BECB806}.Release|Any CPU.Build.0 = Release|Any CPU
	EndGlobalSection
	GlobalSection(SolutionProperties) = preSolution
		HideSolutionNode = FALSE
	EndGlobalSection
	GlobalSection(ExtensibilityGlobals) = postSolution
		SolutionGuid = {AEAA279C-BBA6-4132-BF34-4DE061C5FC2E}
	EndGlobalSection
EndGlobal
